
Microsoft Visual Studio Solution File, Format Version 12.00
# Visual Studio 15
VisualStudioVersion = 15.0.28010.2003
MinimumVisualStudioVersion = 10.0.40219.1
Project("{FAE04EC0-301F-11D3-BF4B-00C04F79EFBC}") = "CountingApp.Android", "CountingApp\CountingApp.Android\CountingApp.Android.csproj", "{555907A8-286A-480F-9D77-7C30D8B8327E}"
EndProject
Project("{FAE04EC0-301F-11D3-BF4B-00C04F79EFBC}") = "CountingApp.iOS", "CountingApp\CountingApp.iOS\CountingApp.iOS.csproj", "{799C1861-3055-4BBB-949E-A43DDC1AF5CE}"
EndProject
Project("{FAE04EC0-301F-11D3-BF4B-00C04F79EFBC}") = "CountingApp.UWP", "CountingApp\CountingApp.UWP\CountingApp.UWP.csproj", "{C118CB62-9373-4488-B7F8-78D9FE77A161}"
EndProject
Project("{FAE04EC0-301F-11D3-BF4B-00C04F79EFBC}") = "CountingApp", "CountingApp\CountingApp\CountingApp.csproj", "{110E038C-8515-43E3-9062-DA87D3561DB9}"
EndProject
Global
	GlobalSection(SolutionConfigurationPlatforms) = preSolution
		Ad-Hoc|Any CPU = Ad-Hoc|Any CPU
		Ad-Hoc|ARM = Ad-Hoc|ARM
		Ad-Hoc|iPhone = Ad-Hoc|iPhone
		Ad-Hoc|iPhoneSimulator = Ad-Hoc|iPhoneSimulator
		Ad-Hoc|x64 = Ad-Hoc|x64
		Ad-Hoc|x86 = Ad-Hoc|x86
		AppStore|Any CPU = AppStore|Any CPU
		AppStore|ARM = AppStore|ARM
		AppStore|iPhone = AppStore|iPhone
		AppStore|iPhoneSimulator = AppStore|iPhoneSimulator
		AppStore|x64 = AppStore|x64
		AppStore|x86 = AppStore|x86
		Debug|Any CPU = Debug|Any CPU
		Debug|ARM = Debug|ARM
		Debug|iPhone = Debug|iPhone
		Debug|iPhoneSimulator = Debug|iPhoneSimulator
		Debug|x64 = Debug|x64
		Debug|x86 = Debug|x86
		Release|Any CPU = Release|Any CPU
		Release|ARM = Release|ARM
		Release|iPhone = Release|iPhone
		Release|iPhoneSimulator = Release|iPhoneSimulator
		Release|x64 = Release|x64
		Release|x86 = Release|x86
	EndGlobalSection
	GlobalSection(ProjectConfigurationPlatforms) = postSolution
		{555907A8-286A-480F-9D77-7C30D8B8327E}.Ad-Hoc|Any CPU.ActiveCfg = Release|Any CPU
		{555907A8-286A-480F-9D77-7C30D8B8327E}.Ad-Hoc|Any CPU.Build.0 = Release|Any CPU
		{555907A8-286A-480F-9D77-7C30D8B8327E}.Ad-Hoc|Any CPU.Deploy.0 = Release|Any CPU
		{555907A8-286A-480F-9D77-7C30D8B8327E}.Ad-Hoc|ARM.ActiveCfg = Release|Any CPU
		{555907A8-286A-480F-9D77-7C30D8B8327E}.Ad-Hoc|ARM.Build.0 = Release|Any CPU
		{555907A8-286A-480F-9D77-7C30D8B8327E}.Ad-Hoc|ARM.Deploy.0 = Release|Any CPU
		{555907A8-286A-480F-9D77-7C30D8B8327E}.Ad-Hoc|iPhone.ActiveCfg = Release|Any CPU
		{555907A8-286A-480F-9D77-7C30D8B8327E}.Ad-Hoc|iPhone.Build.0 = Release|Any CPU
		{555907A8-286A-480F-9D77-7C30D8B8327E}.Ad-Hoc|iPhone.Deploy.0 = Release|Any CPU
		{555907A8-286A-480F-9D77-7C30D8B8327E}.Ad-Hoc|iPhoneSimulator.ActiveCfg = Release|Any CPU
		{555907A8-286A-480F-9D77-7C30D8B8327E}.Ad-Hoc|iPhoneSimulator.Build.0 = Release|Any CPU
		{555907A8-286A-480F-9D77-7C30D8B8327E}.Ad-Hoc|iPhoneSimulator.Deploy.0 = Release|Any CPU
		{555907A8-286A-480F-9D77-7C30D8B8327E}.Ad-Hoc|x64.ActiveCfg = Release|Any CPU
		{555907A8-286A-480F-9D77-7C30D8B8327E}.Ad-Hoc|x64.Build.0 = Release|Any CPU
		{555907A8-286A-480F-9D77-7C30D8B8327E}.Ad-Hoc|x64.Deploy.0 = Release|Any CPU
		{555907A8-286A-480F-9D77-7C30D8B8327E}.Ad-Hoc|x86.ActiveCfg = Release|Any CPU
		{555907A8-286A-480F-9D77-7C30D8B8327E}.Ad-Hoc|x86.Build.0 = Release|Any CPU
		{555907A8-286A-480F-9D77-7C30D8B8327E}.Ad-Hoc|x86.Deploy.0 = Release|Any CPU
		{555907A8-286A-480F-9D77-7C30D8B8327E}.AppStore|Any CPU.ActiveCfg = Release|Any CPU
		{555907A8-286A-480F-9D77-7C30D8B8327E}.AppStore|Any CPU.Build.0 = Release|Any CPU
		{555907A8-286A-480F-9D77-7C30D8B8327E}.AppStore|Any CPU.Deploy.0 = Release|Any CPU
		{555907A8-286A-480F-9D77-7C30D8B8327E}.AppStore|ARM.ActiveCfg = Release|Any CPU
		{555907A8-286A-480F-9D77-7C30D8B8327E}.AppStore|ARM.Build.0 = Release|Any CPU
		{555907A8-286A-480F-9D77-7C30D8B8327E}.AppStore|ARM.Deploy.0 = Release|Any CPU
		{555907A8-286A-480F-9D77-7C30D8B8327E}.AppStore|iPhone.ActiveCfg = Release|Any CPU
		{555907A8-286A-480F-9D77-7C30D8B8327E}.AppStore|iPhone.Build.0 = Release|Any CPU
		{555907A8-286A-480F-9D77-7C30D8B8327E}.AppStore|iPhone.Deploy.0 = Release|Any CPU
		{555907A8-286A-480F-9D77-7C30D8B8327E}.AppStore|iPhoneSimulator.ActiveCfg = Release|Any CPU
		{555907A8-286A-480F-9D77-7C30D8B8327E}.AppStore|iPhoneSimulator.Build.0 = Release|Any CPU
		{555907A8-286A-480F-9D77-7C30D8B8327E}.AppStore|iPhoneSimulator.Deploy.0 = Release|Any CPU
		{555907A8-286A-480F-9D77-7C30D8B8327E}.AppStore|x64.ActiveCfg = Release|Any CPU
		{555907A8-286A-480F-9D77-7C30D8B8327E}.AppStore|x64.Build.0 = Release|Any CPU
		{555907A8-286A-480F-9D77-7C30D8B8327E}.AppStore|x64.Deploy.0 = Release|Any CPU
		{555907A8-286A-480F-9D77-7C30D8B8327E}.AppStore|x86.ActiveCfg = Release|Any CPU
		{555907A8-286A-480F-9D77-7C30D8B8327E}.AppStore|x86.Build.0 = Release|Any CPU
		{555907A8-286A-480F-9D77-7C30D8B8327E}.AppStore|x86.Deploy.0 = Release|Any CPU
		{555907A8-286A-480F-9D77-7C30D8B8327E}.Debug|Any CPU.ActiveCfg = Debug|Any CPU
		{555907A8-286A-480F-9D77-7C30D8B8327E}.Debug|Any CPU.Build.0 = Debug|Any CPU
		{555907A8-286A-480F-9D77-7C30D8B8327E}.Debug|Any CPU.Deploy.0 = Debug|Any CPU
		{555907A8-286A-480F-9D77-7C30D8B8327E}.Debug|ARM.ActiveCfg = Debug|Any CPU
		{555907A8-286A-480F-9D77-7C30D8B8327E}.Debug|ARM.Build.0 = Debug|Any CPU
		{555907A8-286A-480F-9D77-7C30D8B8327E}.Debug|ARM.Deploy.0 = Debug|Any CPU
		{555907A8-286A-480F-9D77-7C30D8B8327E}.Debug|iPhone.ActiveCfg = Debug|Any CPU
		{555907A8-286A-480F-9D77-7C30D8B8327E}.Debug|iPhone.Build.0 = Debug|Any CPU
		{555907A8-286A-480F-9D77-7C30D8B8327E}.Debug|iPhone.Deploy.0 = Debug|Any CPU
		{555907A8-286A-480F-9D77-7C30D8B8327E}.Debug|iPhoneSimulator.ActiveCfg = Debug|Any CPU
		{555907A8-286A-480F-9D77-7C30D8B8327E}.Debug|iPhoneSimulator.Build.0 = Debug|Any CPU
		{555907A8-286A-480F-9D77-7C30D8B8327E}.Debug|iPhoneSimulator.Deploy.0 = Debug|Any CPU
		{555907A8-286A-480F-9D77-7C30D8B8327E}.Debug|x64.ActiveCfg = Debug|Any CPU
		{555907A8-286A-480F-9D77-7C30D8B8327E}.Debug|x64.Build.0 = Debug|Any CPU
		{555907A8-286A-480F-9D77-7C30D8B8327E}.Debug|x64.Deploy.0 = Debug|Any CPU
		{555907A8-286A-480F-9D77-7C30D8B8327E}.Debug|x86.ActiveCfg = Debug|Any CPU
		{555907A8-286A-480F-9D77-7C30D8B8327E}.Debug|x86.Build.0 = Debug|Any CPU
		{555907A8-286A-480F-9D77-7C30D8B8327E}.Debug|x86.Deploy.0 = Debug|Any CPU
		{555907A8-286A-480F-9D77-7C30D8B8327E}.Release|Any CPU.ActiveCfg = Release|Any CPU
		{555907A8-286A-480F-9D77-7C30D8B8327E}.Release|Any CPU.Build.0 = Release|Any CPU
		{555907A8-286A-480F-9D77-7C30D8B8327E}.Release|Any CPU.Deploy.0 = Release|Any CPU
		{555907A8-286A-480F-9D77-7C30D8B8327E}.Release|ARM.ActiveCfg = Release|Any CPU
		{555907A8-286A-480F-9D77-7C30D8B8327E}.Release|ARM.Build.0 = Release|Any CPU
		{555907A8-286A-480F-9D77-7C30D8B8327E}.Release|ARM.Deploy.0 = Release|Any CPU
		{555907A8-286A-480F-9D77-7C30D8B8327E}.Release|iPhone.ActiveCfg = Release|Any CPU
		{555907A8-286A-480F-9D77-7C30D8B8327E}.Release|iPhone.Build.0 = Release|Any CPU
		{555907A8-286A-480F-9D77-7C30D8B8327E}.Release|iPhone.Deploy.0 = Release|Any CPU
		{555907A8-286A-480F-9D77-7C30D8B8327E}.Release|iPhoneSimulator.ActiveCfg = Release|Any CPU
		{555907A8-286A-480F-9D77-7C30D8B8327E}.Release|iPhoneSimulator.Build.0 = Release|Any CPU
		{555907A8-286A-480F-9D77-7C30D8B8327E}.Release|iPhoneSimulator.Deploy.0 = Release|Any CPU
		{555907A8-286A-480F-9D77-7C30D8B8327E}.Release|x64.ActiveCfg = Release|Any CPU
		{555907A8-286A-480F-9D77-7C30D8B8327E}.Release|x64.Build.0 = Release|Any CPU
		{555907A8-286A-480F-9D77-7C30D8B8327E}.Release|x64.Deploy.0 = Release|Any CPU
		{555907A8-286A-480F-9D77-7C30D8B8327E}.Release|x86.ActiveCfg = Release|Any CPU
		{555907A8-286A-480F-9D77-7C30D8B8327E}.Release|x86.Build.0 = Release|Any CPU
		{555907A8-286A-480F-9D77-7C30D8B8327E}.Release|x86.Deploy.0 = Release|Any CPU
		{799C1861-3055-4BBB-949E-A43DDC1AF5CE}.Ad-Hoc|Any CPU.ActiveCfg = Ad-Hoc|iPhone
		{799C1861-3055-4BBB-949E-A43DDC1AF5CE}.Ad-Hoc|Any CPU.Build.0 = Ad-Hoc|iPhone
		{799C1861-3055-4BBB-949E-A43DDC1AF5CE}.Ad-Hoc|Any CPU.Deploy.0 = Ad-Hoc|iPhone
		{799C1861-3055-4BBB-949E-A43DDC1AF5CE}.Ad-Hoc|ARM.ActiveCfg = Ad-Hoc|iPhone
		{799C1861-3055-4BBB-949E-A43DDC1AF5CE}.Ad-Hoc|ARM.Build.0 = Ad-Hoc|iPhone
		{799C1861-3055-4BBB-949E-A43DDC1AF5CE}.Ad-Hoc|ARM.Deploy.0 = Ad-Hoc|iPhone
		{799C1861-3055-4BBB-949E-A43DDC1AF5CE}.Ad-Hoc|iPhone.ActiveCfg = Ad-Hoc|iPhone
		{799C1861-3055-4BBB-949E-A43DDC1AF5CE}.Ad-Hoc|iPhone.Build.0 = Ad-Hoc|iPhone
		{799C1861-3055-4BBB-949E-A43DDC1AF5CE}.Ad-Hoc|iPhone.Deploy.0 = Ad-Hoc|iPhone
		{799C1861-3055-4BBB-949E-A43DDC1AF5CE}.Ad-Hoc|iPhoneSimulator.ActiveCfg = Ad-Hoc|iPhoneSimulator
		{799C1861-3055-4BBB-949E-A43DDC1AF5CE}.Ad-Hoc|iPhoneSimulator.Build.0 = Ad-Hoc|iPhoneSimulator
		{799C1861-3055-4BBB-949E-A43DDC1AF5CE}.Ad-Hoc|iPhoneSimulator.Deploy.0 = Ad-Hoc|iPhoneSimulator
		{799C1861-3055-4BBB-949E-A43DDC1AF5CE}.Ad-Hoc|x64.ActiveCfg = Ad-Hoc|iPhone
		{799C1861-3055-4BBB-949E-A43DDC1AF5CE}.Ad-Hoc|x64.Build.0 = Ad-Hoc|iPhone
		{799C1861-3055-4BBB-949E-A43DDC1AF5CE}.Ad-Hoc|x64.Deploy.0 = Ad-Hoc|iPhone
		{799C1861-3055-4BBB-949E-A43DDC1AF5CE}.Ad-Hoc|x86.ActiveCfg = Ad-Hoc|iPhone
		{799C1861-3055-4BBB-949E-A43DDC1AF5CE}.Ad-Hoc|x86.Build.0 = Ad-Hoc|iPhone
		{799C1861-3055-4BBB-949E-A43DDC1AF5CE}.Ad-Hoc|x86.Deploy.0 = Ad-Hoc|iPhone
		{799C1861-3055-4BBB-949E-A43DDC1AF5CE}.AppStore|Any CPU.ActiveCfg = AppStore|iPhone
		{799C1861-3055-4BBB-949E-A43DDC1AF5CE}.AppStore|Any CPU.Build.0 = AppStore|iPhone
		{799C1861-3055-4BBB-949E-A43DDC1AF5CE}.AppStore|Any CPU.Deploy.0 = AppStore|iPhone
		{799C1861-3055-4BBB-949E-A43DDC1AF5CE}.AppStore|ARM.ActiveCfg = AppStore|iPhone
		{799C1861-3055-4BBB-949E-A43DDC1AF5CE}.AppStore|ARM.Build.0 = AppStore|iPhone
		{799C1861-3055-4BBB-949E-A43DDC1AF5CE}.AppStore|ARM.Deploy.0 = AppStore|iPhone
		{799C1861-3055-4BBB-949E-A43DDC1AF5CE}.AppStore|iPhone.ActiveCfg = AppStore|iPhone
		{799C1861-3055-4BBB-949E-A43DDC1AF5CE}.AppStore|iPhone.Build.0 = AppStore|iPhone
		{799C1861-3055-4BBB-949E-A43DDC1AF5CE}.AppStore|iPhone.Deploy.0 = AppStore|iPhone
		{799C1861-3055-4BBB-949E-A43DDC1AF5CE}.AppStore|iPhoneSimulator.ActiveCfg = AppStore|iPhoneSimulator
		{799C1861-3055-4BBB-949E-A43DDC1AF5CE}.AppStore|iPhoneSimulator.Build.0 = AppStore|iPhoneSimulator
		{799C1861-3055-4BBB-949E-A43DDC1AF5CE}.AppStore|iPhoneSimulator.Deploy.0 = AppStore|iPhoneSimulator
		{799C1861-3055-4BBB-949E-A43DDC1AF5CE}.AppStore|x64.ActiveCfg = AppStore|iPhone
		{799C1861-3055-4BBB-949E-A43DDC1AF5CE}.AppStore|x64.Build.0 = AppStore|iPhone
		{799C1861-3055-4BBB-949E-A43DDC1AF5CE}.AppStore|x64.Deploy.0 = AppStore|iPhone
		{799C1861-3055-4BBB-949E-A43DDC1AF5CE}.AppStore|x86.ActiveCfg = AppStore|iPhone
		{799C1861-3055-4BBB-949E-A43DDC1AF5CE}.AppStore|x86.Build.0 = AppStore|iPhone
		{799C1861-3055-4BBB-949E-A43DDC1AF5CE}.AppStore|x86.Deploy.0 = AppStore|iPhone
		{799C1861-3055-4BBB-949E-A43DDC1AF5CE}.Debug|Any CPU.ActiveCfg = Debug|iPhoneSimulator
		{799C1861-3055-4BBB-949E-A43DDC1AF5CE}.Debug|Any CPU.Build.0 = Debug|iPhoneSimulator
		{799C1861-3055-4BBB-949E-A43DDC1AF5CE}.Debug|Any CPU.Deploy.0 = Debug|iPhoneSimulator
		{799C1861-3055-4BBB-949E-A43DDC1AF5CE}.Debug|ARM.ActiveCfg = Debug|iPhone
		{799C1861-3055-4BBB-949E-A43DDC1AF5CE}.Debug|ARM.Build.0 = Debug|iPhone
		{799C1861-3055-4BBB-949E-A43DDC1AF5CE}.Debug|ARM.Deploy.0 = Debug|iPhone
		{799C1861-3055-4BBB-949E-A43DDC1AF5CE}.Debug|iPhone.ActiveCfg = Debug|iPhone
		{799C1861-3055-4BBB-949E-A43DDC1AF5CE}.Debug|iPhone.Build.0 = Debug|iPhone
		{799C1861-3055-4BBB-949E-A43DDC1AF5CE}.Debug|iPhone.Deploy.0 = Debug|iPhone
		{799C1861-3055-4BBB-949E-A43DDC1AF5CE}.Debug|iPhoneSimulator.ActiveCfg = Debug|iPhoneSimulator
		{799C1861-3055-4BBB-949E-A43DDC1AF5CE}.Debug|iPhoneSimulator.Build.0 = Debug|iPhoneSimulator
		{799C1861-3055-4BBB-949E-A43DDC1AF5CE}.Debug|iPhoneSimulator.Deploy.0 = Debug|iPhoneSimulator
		{799C1861-3055-4BBB-949E-A43DDC1AF5CE}.Debug|x64.ActiveCfg = Debug|iPhone
		{799C1861-3055-4BBB-949E-A43DDC1AF5CE}.Debug|x64.Build.0 = Debug|iPhone
		{799C1861-3055-4BBB-949E-A43DDC1AF5CE}.Debug|x64.Deploy.0 = Debug|iPhone
		{799C1861-3055-4BBB-949E-A43DDC1AF5CE}.Debug|x86.ActiveCfg = Debug|iPhone
		{799C1861-3055-4BBB-949E-A43DDC1AF5CE}.Debug|x86.Build.0 = Debug|iPhone
		{799C1861-3055-4BBB-949E-A43DDC1AF5CE}.Debug|x86.Deploy.0 = Debug|iPhone
		{799C1861-3055-4BBB-949E-A43DDC1AF5CE}.Release|Any CPU.ActiveCfg = Release|iPhone
		{799C1861-3055-4BBB-949E-A43DDC1AF5CE}.Release|Any CPU.Build.0 = Release|iPhone
		{799C1861-3055-4BBB-949E-A43DDC1AF5CE}.Release|Any CPU.Deploy.0 = Release|iPhone
		{799C1861-3055-4BBB-949E-A43DDC1AF5CE}.Release|ARM.ActiveCfg = Release|iPhone
		{799C1861-3055-4BBB-949E-A43DDC1AF5CE}.Release|ARM.Build.0 = Release|iPhone
		{799C1861-3055-4BBB-949E-A43DDC1AF5CE}.Release|ARM.Deploy.0 = Release|iPhone
		{799C1861-3055-4BBB-949E-A43DDC1AF5CE}.Release|iPhone.ActiveCfg = Release|iPhone
		{799C1861-3055-4BBB-949E-A43DDC1AF5CE}.Release|iPhone.Build.0 = Release|iPhone
		{799C1861-3055-4BBB-949E-A43DDC1AF5CE}.Release|iPhone.Deploy.0 = Release|iPhone
		{799C1861-3055-4BBB-949E-A43DDC1AF5CE}.Release|iPhoneSimulator.ActiveCfg = Release|iPhoneSimulator
		{799C1861-3055-4BBB-949E-A43DDC1AF5CE}.Release|iPhoneSimulator.Build.0 = Release|iPhoneSimulator
		{799C1861-3055-4BBB-949E-A43DDC1AF5CE}.Release|iPhoneSimulator.Deploy.0 = Release|iPhoneSimulator
		{799C1861-3055-4BBB-949E-A43DDC1AF5CE}.Release|x64.ActiveCfg = Release|iPhone
		{799C1861-3055-4BBB-949E-A43DDC1AF5CE}.Release|x64.Build.0 = Release|iPhone
		{799C1861-3055-4BBB-949E-A43DDC1AF5CE}.Release|x64.Deploy.0 = Release|iPhone
		{799C1861-3055-4BBB-949E-A43DDC1AF5CE}.Release|x86.ActiveCfg = Release|iPhone
		{799C1861-3055-4BBB-949E-A43DDC1AF5CE}.Release|x86.Build.0 = Release|iPhone
		{799C1861-3055-4BBB-949E-A43DDC1AF5CE}.Release|x86.Deploy.0 = Release|iPhone
		{C118CB62-9373-4488-B7F8-78D9FE77A161}.Ad-Hoc|Any CPU.ActiveCfg = Release|x86
		{C118CB62-9373-4488-B7F8-78D9FE77A161}.Ad-Hoc|Any CPU.Build.0 = Release|x86
		{C118CB62-9373-4488-B7F8-78D9FE77A161}.Ad-Hoc|Any CPU.Deploy.0 = Release|x86
		{C118CB62-9373-4488-B7F8-78D9FE77A161}.Ad-Hoc|ARM.ActiveCfg = Release|ARM
		{C118CB62-9373-4488-B7F8-78D9FE77A161}.Ad-Hoc|ARM.Build.0 = Release|ARM
		{C118CB62-9373-4488-B7F8-78D9FE77A161}.Ad-Hoc|ARM.Deploy.0 = Release|ARM
		{C118CB62-9373-4488-B7F8-78D9FE77A161}.Ad-Hoc|iPhone.ActiveCfg = Release|x86
		{C118CB62-9373-4488-B7F8-78D9FE77A161}.Ad-Hoc|iPhone.Build.0 = Release|x86
		{C118CB62-9373-4488-B7F8-78D9FE77A161}.Ad-Hoc|iPhone.Deploy.0 = Release|x86
		{C118CB62-9373-4488-B7F8-78D9FE77A161}.Ad-Hoc|iPhoneSimulator.ActiveCfg = Release|x86
		{C118CB62-9373-4488-B7F8-78D9FE77A161}.Ad-Hoc|iPhoneSimulator.Build.0 = Release|x86
		{C118CB62-9373-4488-B7F8-78D9FE77A161}.Ad-Hoc|iPhoneSimulator.Deploy.0 = Release|x86
		{C118CB62-9373-4488-B7F8-78D9FE77A161}.Ad-Hoc|x64.ActiveCfg = Release|x64
		{C118CB62-9373-4488-B7F8-78D9FE77A161}.Ad-Hoc|x64.Build.0 = Release|x64
		{C118CB62-9373-4488-B7F8-78D9FE77A161}.Ad-Hoc|x64.Deploy.0 = Release|x64
		{C118CB62-9373-4488-B7F8-78D9FE77A161}.Ad-Hoc|x86.ActiveCfg = Release|x86
		{C118CB62-9373-4488-B7F8-78D9FE77A161}.Ad-Hoc|x86.Build.0 = Release|x86
		{C118CB62-9373-4488-B7F8-78D9FE77A161}.Ad-Hoc|x86.Deploy.0 = Release|x86
		{C118CB62-9373-4488-B7F8-78D9FE77A161}.AppStore|Any CPU.ActiveCfg = Release|x86
		{C118CB62-9373-4488-B7F8-78D9FE77A161}.AppStore|Any CPU.Build.0 = Release|x86
		{C118CB62-9373-4488-B7F8-78D9FE77A161}.AppStore|Any CPU.Deploy.0 = Release|x86
		{C118CB62-9373-4488-B7F8-78D9FE77A161}.AppStore|ARM.ActiveCfg = Release|ARM
		{C118CB62-9373-4488-B7F8-78D9FE77A161}.AppStore|ARM.Build.0 = Release|ARM
		{C118CB62-9373-4488-B7F8-78D9FE77A161}.AppStore|ARM.Deploy.0 = Release|ARM
		{C118CB62-9373-4488-B7F8-78D9FE77A161}.AppStore|iPhone.ActiveCfg = Release|x86
		{C118CB62-9373-4488-B7F8-78D9FE77A161}.AppStore|iPhone.Build.0 = Release|x86
		{C118CB62-9373-4488-B7F8-78D9FE77A161}.AppStore|iPhone.Deploy.0 = Release|x86
		{C118CB62-9373-4488-B7F8-78D9FE77A161}.AppStore|iPhoneSimulator.ActiveCfg = Release|x86
		{C118CB62-9373-4488-B7F8-78D9FE77A161}.AppStore|iPhoneSimulator.Build.0 = Release|x86
		{C118CB62-9373-4488-B7F8-78D9FE77A161}.AppStore|iPhoneSimulator.Deploy.0 = Release|x86
		{C118CB62-9373-4488-B7F8-78D9FE77A161}.AppStore|x64.ActiveCfg = Release|x64
		{C118CB62-9373-4488-B7F8-78D9FE77A161}.AppStore|x64.Build.0 = Release|x64
		{C118CB62-9373-4488-B7F8-78D9FE77A161}.AppStore|x64.Deploy.0 = Release|x64
		{C118CB62-9373-4488-B7F8-78D9FE77A161}.AppStore|x86.ActiveCfg = Release|x86
		{C118CB62-9373-4488-B7F8-78D9FE77A161}.AppStore|x86.Build.0 = Release|x86
		{C118CB62-9373-4488-B7F8-78D9FE77A161}.AppStore|x86.Deploy.0 = Release|x86
		{C118CB62-9373-4488-B7F8-78D9FE77A161}.Debug|Any CPU.ActiveCfg = Debug|x86
		{C118CB62-9373-4488-B7F8-78D9FE77A161}.Debug|Any CPU.Build.0 = Debug|x86
		{C118CB62-9373-4488-B7F8-78D9FE77A161}.Debug|Any CPU.Deploy.0 = Debug|x86
		{C118CB62-9373-4488-B7F8-78D9FE77A161}.Debug|ARM.ActiveCfg = Debug|ARM
		{C118CB62-9373-4488-B7F8-78D9FE77A161}.Debug|ARM.Build.0 = Debug|ARM
		{C118CB62-9373-4488-B7F8-78D9FE77A161}.Debug|ARM.Deploy.0 = Debug|ARM
		{C118CB62-9373-4488-B7F8-78D9FE77A161}.Debug|iPhone.ActiveCfg = Debug|x86
		{C118CB62-9373-4488-B7F8-78D9FE77A161}.Debug|iPhone.Build.0 = Debug|x86
		{C118CB62-9373-4488-B7F8-78D9FE77A161}.Debug|iPhone.Deploy.0 = Debug|x86
		{C118CB62-9373-4488-B7F8-78D9FE77A161}.Debug|iPhoneSimulator.ActiveCfg = Debug|x86
		{C118CB62-9373-4488-B7F8-78D9FE77A161}.Debug|iPhoneSimulator.Build.0 = Debug|x86
		{C118CB62-9373-4488-B7F8-78D9FE77A161}.Debug|iPhoneSimulator.Deploy.0 = Debug|x86
		{C118CB62-9373-4488-B7F8-78D9FE77A161}.Debug|x64.ActiveCfg = Debug|x64
		{C118CB62-9373-4488-B7F8-78D9FE77A161}.Debug|x64.Build.0 = Debug|x64
		{C118CB62-9373-4488-B7F8-78D9FE77A161}.Debug|x64.Deploy.0 = Debug|x64
		{C118CB62-9373-4488-B7F8-78D9FE77A161}.Debug|x86.ActiveCfg = Debug|x86
		{C118CB62-9373-4488-B7F8-78D9FE77A161}.Debug|x86.Build.0 = Debug|x86
		{C118CB62-9373-4488-B7F8-78D9FE77A161}.Debug|x86.Deploy.0 = Debug|x86
		{C118CB62-9373-4488-B7F8-78D9FE77A161}.Release|Any CPU.ActiveCfg = Release|x86
		{C118CB62-9373-4488-B7F8-78D9FE77A161}.Release|Any CPU.Build.0 = Release|x86
		{C118CB62-9373-4488-B7F8-78D9FE77A161}.Release|Any CPU.Deploy.0 = Release|x86
		{C118CB62-9373-4488-B7F8-78D9FE77A161}.Release|ARM.ActiveCfg = Release|ARM
		{C118CB62-9373-4488-B7F8-78D9FE77A161}.Release|ARM.Build.0 = Release|ARM
		{C118CB62-9373-4488-B7F8-78D9FE77A161}.Release|ARM.Deploy.0 = Release|ARM
		{C118CB62-9373-4488-B7F8-78D9FE77A161}.Release|iPhone.ActiveCfg = Release|x86
		{C118CB62-9373-4488-B7F8-78D9FE77A161}.Release|iPhone.Build.0 = Release|x86
		{C118CB62-9373-4488-B7F8-78D9FE77A161}.Release|iPhone.Deploy.0 = Release|x86
		{C118CB62-9373-4488-B7F8-78D9FE77A161}.Release|iPhoneSimulator.ActiveCfg = Release|x86
		{C118CB62-9373-4488-B7F8-78D9FE77A161}.Release|iPhoneSimulator.Build.0 = Release|x86
		{C118CB62-9373-4488-B7F8-78D9FE77A161}.Release|iPhoneSimulator.Deploy.0 = Release|x86
		{C118CB62-9373-4488-B7F8-78D9FE77A161}.Release|x64.ActiveCfg = Release|x64
		{C118CB62-9373-4488-B7F8-78D9FE77A161}.Release|x64.Build.0 = Release|x64
		{C118CB62-9373-4488-B7F8-78D9FE77A161}.Release|x64.Deploy.0 = Release|x64
		{C118CB62-9373-4488-B7F8-78D9FE77A161}.Release|x86.ActiveCfg = Release|x86
		{C118CB62-9373-4488-B7F8-78D9FE77A161}.Release|x86.Build.0 = Release|x86
		{C118CB62-9373-4488-B7F8-78D9FE77A161}.Release|x86.Deploy.0 = Release|x86
		{110E038C-8515-43E3-9062-DA87D3561DB9}.Ad-Hoc|Any CPU.ActiveCfg = Debug|Any CPU
		{110E038C-8515-43E3-9062-DA87D3561DB9}.Ad-Hoc|Any CPU.Build.0 = Debug|Any CPU
		{110E038C-8515-43E3-9062-DA87D3561DB9}.Ad-Hoc|Any CPU.Deploy.0 = Debug|Any CPU
		{110E038C-8515-43E3-9062-DA87D3561DB9}.Ad-Hoc|ARM.ActiveCfg = Debug|Any CPU
		{110E038C-8515-43E3-9062-DA87D3561DB9}.Ad-Hoc|ARM.Build.0 = Debug|Any CPU
		{110E038C-8515-43E3-9062-DA87D3561DB9}.Ad-Hoc|ARM.Deploy.0 = Debug|Any CPU
		{110E038C-8515-43E3-9062-DA87D3561DB9}.Ad-Hoc|iPhone.ActiveCfg = Debug|Any CPU
		{110E038C-8515-43E3-9062-DA87D3561DB9}.Ad-Hoc|iPhone.Build.0 = Debug|Any CPU
		{110E038C-8515-43E3-9062-DA87D3561DB9}.Ad-Hoc|iPhone.Deploy.0 = Debug|Any CPU
		{110E038C-8515-43E3-9062-DA87D3561DB9}.Ad-Hoc|iPhoneSimulator.ActiveCfg = Debug|Any CPU
		{110E038C-8515-43E3-9062-DA87D3561DB9}.Ad-Hoc|iPhoneSimulator.Build.0 = Debug|Any CPU
		{110E038C-8515-43E3-9062-DA87D3561DB9}.Ad-Hoc|iPhoneSimulator.Deploy.0 = Debug|Any CPU
		{110E038C-8515-43E3-9062-DA87D3561DB9}.Ad-Hoc|x64.ActiveCfg = Debug|Any CPU
		{110E038C-8515-43E3-9062-DA87D3561DB9}.Ad-Hoc|x64.Build.0 = Debug|Any CPU
		{110E038C-8515-43E3-9062-DA87D3561DB9}.Ad-Hoc|x64.Deploy.0 = Debug|Any CPU
		{110E038C-8515-43E3-9062-DA87D3561DB9}.Ad-Hoc|x86.ActiveCfg = Debug|Any CPU
		{110E038C-8515-43E3-9062-DA87D3561DB9}.Ad-Hoc|x86.Build.0 = Debug|Any CPU
		{110E038C-8515-43E3-9062-DA87D3561DB9}.Ad-Hoc|x86.Deploy.0 = Debug|Any CPU
		{110E038C-8515-43E3-9062-DA87D3561DB9}.AppStore|Any CPU.ActiveCfg = Debug|Any CPU
		{110E038C-8515-43E3-9062-DA87D3561DB9}.AppStore|Any CPU.Build.0 = Debug|Any CPU
		{110E038C-8515-43E3-9062-DA87D3561DB9}.AppStore|Any CPU.Deploy.0 = Debug|Any CPU
		{110E038C-8515-43E3-9062-DA87D3561DB9}.AppStore|ARM.ActiveCfg = Debug|Any CPU
		{110E038C-8515-43E3-9062-DA87D3561DB9}.AppStore|ARM.Build.0 = Debug|Any CPU
		{110E038C-8515-43E3-9062-DA87D3561DB9}.AppStore|ARM.Deploy.0 = Debug|Any CPU
		{110E038C-8515-43E3-9062-DA87D3561DB9}.AppStore|iPhone.ActiveCfg = Debug|Any CPU
		{110E038C-8515-43E3-9062-DA87D3561DB9}.AppStore|iPhone.Build.0 = Debug|Any CPU
		{110E038C-8515-43E3-9062-DA87D3561DB9}.AppStore|iPhone.Deploy.0 = Debug|Any CPU
		{110E038C-8515-43E3-9062-DA87D3561DB9}.AppStore|iPhoneSimulator.ActiveCfg = Debug|Any CPU
		{110E038C-8515-43E3-9062-DA87D3561DB9}.AppStore|iPhoneSimulator.Build.0 = Debug|Any CPU
		{110E038C-8515-43E3-9062-DA87D3561DB9}.AppStore|iPhoneSimulator.Deploy.0 = Debug|Any CPU
		{110E038C-8515-43E3-9062-DA87D3561DB9}.AppStore|x64.ActiveCfg = Debug|Any CPU
		{110E038C-8515-43E3-9062-DA87D3561DB9}.AppStore|x64.Build.0 = Debug|Any CPU
		{110E038C-8515-43E3-9062-DA87D3561DB9}.AppStore|x64.Deploy.0 = Debug|Any CPU
		{110E038C-8515-43E3-9062-DA87D3561DB9}.AppStore|x86.ActiveCfg = Debug|Any CPU
		{110E038C-8515-43E3-9062-DA87D3561DB9}.AppStore|x86.Build.0 = Debug|Any CPU
		{110E038C-8515-43E3-9062-DA87D3561DB9}.AppStore|x86.Deploy.0 = Debug|Any CPU
		{110E038C-8515-43E3-9062-DA87D3561DB9}.Debug|Any CPU.ActiveCfg = Debug|Any CPU
		{110E038C-8515-43E3-9062-DA87D3561DB9}.Debug|Any CPU.Build.0 = Debug|Any CPU
		{110E038C-8515-43E3-9062-DA87D3561DB9}.Debug|Any CPU.Deploy.0 = Debug|Any CPU
		{110E038C-8515-43E3-9062-DA87D3561DB9}.Debug|ARM.ActiveCfg = Debug|Any CPU
		{110E038C-8515-43E3-9062-DA87D3561DB9}.Debug|ARM.Build.0 = Debug|Any CPU
		{110E038C-8515-43E3-9062-DA87D3561DB9}.Debug|ARM.Deploy.0 = Debug|Any CPU
		{110E038C-8515-43E3-9062-DA87D3561DB9}.Debug|iPhone.ActiveCfg = Debug|Any CPU
		{110E038C-8515-43E3-9062-DA87D3561DB9}.Debug|iPhone.Build.0 = Debug|Any CPU
		{110E038C-8515-43E3-9062-DA87D3561DB9}.Debug|iPhone.Deploy.0 = Debug|Any CPU
		{110E038C-8515-43E3-9062-DA87D3561DB9}.Debug|iPhoneSimulator.ActiveCfg = Debug|Any CPU
		{110E038C-8515-43E3-9062-DA87D3561DB9}.Debug|iPhoneSimulator.Build.0 = Debug|Any CPU
		{110E038C-8515-43E3-9062-DA87D3561DB9}.Debug|iPhoneSimulator.Deploy.0 = Debug|Any CPU
		{110E038C-8515-43E3-9062-DA87D3561DB9}.Debug|x64.ActiveCfg = Debug|Any CPU
		{110E038C-8515-43E3-9062-DA87D3561DB9}.Debug|x64.Build.0 = Debug|Any CPU
		{110E038C-8515-43E3-9062-DA87D3561DB9}.Debug|x64.Deploy.0 = Debug|Any CPU
		{110E038C-8515-43E3-9062-DA87D3561DB9}.Debug|x86.ActiveCfg = Debug|Any CPU
		{110E038C-8515-43E3-9062-DA87D3561DB9}.Debug|x86.Build.0 = Debug|Any CPU
		{110E038C-8515-43E3-9062-DA87D3561DB9}.Debug|x86.Deploy.0 = Debug|Any CPU
		{110E038C-8515-43E3-9062-DA87D3561DB9}.Release|Any CPU.ActiveCfg = Release|Any CPU
		{110E038C-8515-43E3-9062-DA87D3561DB9}.Release|Any CPU.Build.0 = Release|Any CPU
		{110E038C-8515-43E3-9062-DA87D3561DB9}.Release|Any CPU.Deploy.0 = Release|Any CPU
		{110E038C-8515-43E3-9062-DA87D3561DB9}.Release|ARM.ActiveCfg = Release|Any CPU
		{110E038C-8515-43E3-9062-DA87D3561DB9}.Release|ARM.Build.0 = Release|Any CPU
		{110E038C-8515-43E3-9062-DA87D3561DB9}.Release|ARM.Deploy.0 = Release|Any CPU
		{110E038C-8515-43E3-9062-DA87D3561DB9}.Release|iPhone.ActiveCfg = Release|Any CPU
		{110E038C-8515-43E3-9062-DA87D3561DB9}.Release|iPhone.Build.0 = Release|Any CPU
		{110E038C-8515-43E3-9062-DA87D3561DB9}.Release|iPhone.Deploy.0 = Release|Any CPU
		{110E038C-8515-43E3-9062-DA87D3561DB9}.Release|iPhoneSimulator.ActiveCfg = Release|Any CPU
		{110E038C-8515-43E3-9062-DA87D3561DB9}.Release|iPhoneSimulator.Build.0 = Release|Any CPU
		{110E038C-8515-43E3-9062-DA87D3561DB9}.Release|iPhoneSimulator.Deploy.0 = Release|Any CPU
		{110E038C-8515-43E3-9062-DA87D3561DB9}.Release|x64.ActiveCfg = Release|Any CPU
		{110E038C-8515-43E3-9062-DA87D3561DB9}.Release|x64.Build.0 = Release|Any CPU
		{110E038C-8515-43E3-9062-DA87D3561DB9}.Release|x64.Deploy.0 = Release|Any CPU
		{110E038C-8515-43E3-9062-DA87D3561DB9}.Release|x86.ActiveCfg = Release|Any CPU
		{110E038C-8515-43E3-9062-DA87D3561DB9}.Release|x86.Build.0 = Release|Any CPU
		{110E038C-8515-43E3-9062-DA87D3561DB9}.Release|x86.Deploy.0 = Release|Any CPU
	EndGlobalSection
	GlobalSection(SolutionProperties) = preSolution
		HideSolutionNode = FALSE
	EndGlobalSection
	GlobalSection(ExtensibilityGlobals) = postSolution
		SolutionGuid = {F05E19E8-B3F7-4DCD-BF3D-28B52ECF65B1}
	EndGlobalSection
EndGlobal
